// !$*UTF8*$!
{
	archiveVersion = 1;
	classes = {
	};
	objectVersion = 46;
	objects = {

/* Begin PBXBuildFile section */
		434EBE381D89019200FBE09B /* GoogleService-Info.plist in Resources */ = {isa = PBXBuildFile; fileRef = 434EBE371D89019200FBE09B /* GoogleService-Info.plist */; };
		43606BB91CB08D8100CA05D4 /* DataService.swift in Sources */ = {isa = PBXBuildFile; fileRef = 43606BB81CB08D8100CA05D4 /* DataService.swift */; };
		43606BBB1CB5F82800CA05D4 /* FeedVC.swift in Sources */ = {isa = PBXBuildFile; fileRef = 43606BBA1CB5F82800CA05D4 /* FeedVC.swift */; };
		43E7498A1CB5F9690080DFB7 /* PostCell.swift in Sources */ = {isa = PBXBuildFile; fileRef = 43E749891CB5F9690080DFB7 /* PostCell.swift */; };
		43E7498C1CBB4D280080DFB7 /* Post.swift in Sources */ = {isa = PBXBuildFile; fileRef = 43E7498B1CBB4D280080DFB7 /* Post.swift */; };
		43F1D3EA1C9E4A5400DB0C80 /* AppDelegate.swift in Sources */ = {isa = PBXBuildFile; fileRef = 43F1D3E91C9E4A5400DB0C80 /* AppDelegate.swift */; };
		43F1D3EC1C9E4A5400DB0C80 /* ViewController.swift in Sources */ = {isa = PBXBuildFile; fileRef = 43F1D3EB1C9E4A5400DB0C80 /* ViewController.swift */; };
		43F1D3EF1C9E4A5400DB0C80 /* Main.storyboard in Resources */ = {isa = PBXBuildFile; fileRef = 43F1D3ED1C9E4A5400DB0C80 /* Main.storyboard */; };
		43F1D3F21C9E4A5400DB0C80 /* showcase.xcdatamodeld in Sources */ = {isa = PBXBuildFile; fileRef = 43F1D3F01C9E4A5400DB0C80 /* showcase.xcdatamodeld */; };
		43F1D3F41C9E4A5400DB0C80 /* Assets.xcassets in Resources */ = {isa = PBXBuildFile; fileRef = 43F1D3F31C9E4A5400DB0C80 /* Assets.xcassets */; };
		43F1D3F71C9E4A5400DB0C80 /* LaunchScreen.storyboard in Resources */ = {isa = PBXBuildFile; fileRef = 43F1D3F51C9E4A5400DB0C80 /* LaunchScreen.storyboard */; };
		43F1D4061C9E4CF000DB0C80 /* NotoSans-Bold.ttf in Resources */ = {isa = PBXBuildFile; fileRef = 43F1D4021C9E4CF000DB0C80 /* NotoSans-Bold.ttf */; };
		43F1D4071C9E4CF000DB0C80 /* NotoSans-BoldItalic.ttf in Resources */ = {isa = PBXBuildFile; fileRef = 43F1D4031C9E4CF000DB0C80 /* NotoSans-BoldItalic.ttf */; };
		43F1D4081C9E4CF000DB0C80 /* NotoSans-Italic.ttf in Resources */ = {isa = PBXBuildFile; fileRef = 43F1D4041C9E4CF000DB0C80 /* NotoSans-Italic.ttf */; };
		43F1D4091C9E4CF000DB0C80 /* NotoSans-Regular.ttf in Resources */ = {isa = PBXBuildFile; fileRef = 43F1D4051C9E4CF000DB0C80 /* NotoSans-Regular.ttf */; };
		43F1D40B1C9E735C00DB0C80 /* MaterialView.swift in Sources */ = {isa = PBXBuildFile; fileRef = 43F1D40A1C9E735C00DB0C80 /* MaterialView.swift */; };
		43F1D4101C9E73E700DB0C80 /* Constants.swift in Sources */ = {isa = PBXBuildFile; fileRef = 43F1D40F1C9E73E700DB0C80 /* Constants.swift */; };
		43F1D4121C9E76F500DB0C80 /* MaterialButton.swift in Sources */ = {isa = PBXBuildFile; fileRef = 43F1D4111C9E76F500DB0C80 /* MaterialButton.swift */; };
		43F1D4141C9E794100DB0C80 /* MaterialTextField.swift in Sources */ = {isa = PBXBuildFile; fileRef = 43F1D4131C9E794100DB0C80 /* MaterialTextField.swift */; };
		43F1D4191C9F61F900DB0C80 /* Bolts.framework in Frameworks */ = {isa = PBXBuildFile; fileRef = 43F1D4161C9F61F900DB0C80 /* Bolts.framework */; };
		43F1D41A1C9F61F900DB0C80 /* FBSDKCoreKit.framework in Frameworks */ = {isa = PBXBuildFile; fileRef = 43F1D4171C9F61F900DB0C80 /* FBSDKCoreKit.framework */; };
		43F1D41B1C9F61F900DB0C80 /* FBSDKLoginKit.framework in Frameworks */ = {isa = PBXBuildFile; fileRef = 43F1D4181C9F61F900DB0C80 /* FBSDKLoginKit.framework */; };
		4A6D2324829F9B3A132CE3CD /* Pods_showcase.framework in Frameworks */ = {isa = PBXBuildFile; fileRef = 7106C78232352955A8234906 /* Pods_showcase.framework */; };
/* End PBXBuildFile section */

/* Begin PBXFileReference section */
		434EBE371D89019200FBE09B /* GoogleService-Info.plist */ = {isa = PBXFileReference; fileEncoding = 4; lastKnownFileType = text.plist.xml; path = "GoogleService-Info.plist"; sourceTree = "<group>"; };
		43606BB81CB08D8100CA05D4 /* DataService.swift */ = {isa = PBXFileReference; fileEncoding = 4; lastKnownFileType = sourcecode.swift; path = DataService.swift; sourceTree = "<group>"; };
		43606BBA1CB5F82800CA05D4 /* FeedVC.swift */ = {isa = PBXFileReference; fileEncoding = 4; lastKnownFileType = sourcecode.swift; path = FeedVC.swift; sourceTree = "<group>"; };
		43E749891CB5F9690080DFB7 /* PostCell.swift */ = {isa = PBXFileReference; fileEncoding = 4; lastKnownFileType = sourcecode.swift; path = PostCell.swift; sourceTree = "<group>"; };
		43E7498B1CBB4D280080DFB7 /* Post.swift */ = {isa = PBXFileReference; fileEncoding = 4; lastKnownFileType = sourcecode.swift; path = Post.swift; sourceTree = "<group>"; };
		43F1D3E61C9E4A5400DB0C80 /* showcase.app */ = {isa = PBXFileReference; explicitFileType = wrapper.application; includeInIndex = 0; path = showcase.app; sourceTree = BUILT_PRODUCTS_DIR; };
		43F1D3E91C9E4A5400DB0C80 /* AppDelegate.swift */ = {isa = PBXFileReference; lastKnownFileType = sourcecode.swift; path = AppDelegate.swift; sourceTree = "<group>"; };
		43F1D3EB1C9E4A5400DB0C80 /* ViewController.swift */ = {isa = PBXFileReference; lastKnownFileType = sourcecode.swift; path = ViewController.swift; sourceTree = "<group>"; };
		43F1D3EE1C9E4A5400DB0C80 /* Base */ = {isa = PBXFileReference; lastKnownFileType = file.storyboard; name = Base; path = Base.lproj/Main.storyboard; sourceTree = "<group>"; };
		43F1D3F11C9E4A5400DB0C80 /* showcase.xcdatamodel */ = {isa = PBXFileReference; lastKnownFileType = wrapper.xcdatamodel; path = showcase.xcdatamodel; sourceTree = "<group>"; };
		43F1D3F31C9E4A5400DB0C80 /* Assets.xcassets */ = {isa = PBXFileReference; lastKnownFileType = folder.assetcatalog; path = Assets.xcassets; sourceTree = "<group>"; };
		43F1D3F61C9E4A5400DB0C80 /* Base */ = {isa = PBXFileReference; lastKnownFileType = file.storyboard; name = Base; path = Base.lproj/LaunchScreen.storyboard; sourceTree = "<group>"; };
		43F1D3F81C9E4A5400DB0C80 /* Info.plist */ = {isa = PBXFileReference; lastKnownFileType = text.plist.xml; path = Info.plist; sourceTree = "<group>"; };
		43F1D4021C9E4CF000DB0C80 /* NotoSans-Bold.ttf */ = {isa = PBXFileReference; lastKnownFileType = file; path = "NotoSans-Bold.ttf"; sourceTree = "<group>"; };
		43F1D4031C9E4CF000DB0C80 /* NotoSans-BoldItalic.ttf */ = {isa = PBXFileReference; lastKnownFileType = file; path = "NotoSans-BoldItalic.ttf"; sourceTree = "<group>"; };
		43F1D4041C9E4CF000DB0C80 /* NotoSans-Italic.ttf */ = {isa = PBXFileReference; lastKnownFileType = file; path = "NotoSans-Italic.ttf"; sourceTree = "<group>"; };
		43F1D4051C9E4CF000DB0C80 /* NotoSans-Regular.ttf */ = {isa = PBXFileReference; lastKnownFileType = file; path = "NotoSans-Regular.ttf"; sourceTree = "<group>"; };
		43F1D40A1C9E735C00DB0C80 /* MaterialView.swift */ = {isa = PBXFileReference; fileEncoding = 4; lastKnownFileType = sourcecode.swift; path = MaterialView.swift; sourceTree = "<group>"; };
		43F1D40F1C9E73E700DB0C80 /* Constants.swift */ = {isa = PBXFileReference; fileEncoding = 4; lastKnownFileType = sourcecode.swift; path = Constants.swift; sourceTree = "<group>"; };
		43F1D4111C9E76F500DB0C80 /* MaterialButton.swift */ = {isa = PBXFileReference; fileEncoding = 4; lastKnownFileType = sourcecode.swift; path = MaterialButton.swift; sourceTree = "<group>"; };
		43F1D4131C9E794100DB0C80 /* MaterialTextField.swift */ = {isa = PBXFileReference; fileEncoding = 4; lastKnownFileType = sourcecode.swift; path = MaterialTextField.swift; sourceTree = "<group>"; };
		43F1D4161C9F61F900DB0C80 /* Bolts.framework */ = {isa = PBXFileReference; lastKnownFileType = wrapper.framework; path = Bolts.framework; sourceTree = "<group>"; };
		43F1D4171C9F61F900DB0C80 /* FBSDKCoreKit.framework */ = {isa = PBXFileReference; lastKnownFileType = wrapper.framework; path = FBSDKCoreKit.framework; sourceTree = "<group>"; };
		43F1D4181C9F61F900DB0C80 /* FBSDKLoginKit.framework */ = {isa = PBXFileReference; lastKnownFileType = wrapper.framework; path = FBSDKLoginKit.framework; sourceTree = "<group>"; };
		7106C78232352955A8234906 /* Pods_showcase.framework */ = {isa = PBXFileReference; explicitFileType = wrapper.framework; includeInIndex = 0; path = Pods_showcase.framework; sourceTree = BUILT_PRODUCTS_DIR; };
		C3D13BE560D34AB5AC3245F3 /* Pods-showcase.release.xcconfig */ = {isa = PBXFileReference; includeInIndex = 1; lastKnownFileType = text.xcconfig; name = "Pods-showcase.release.xcconfig"; path = "Pods/Target Support Files/Pods-showcase/Pods-showcase.release.xcconfig"; sourceTree = "<group>"; };
		EAB5D084D2652BD743CAA83B /* Pods-showcase.debug.xcconfig */ = {isa = PBXFileReference; includeInIndex = 1; lastKnownFileType = text.xcconfig; name = "Pods-showcase.debug.xcconfig"; path = "Pods/Target Support Files/Pods-showcase/Pods-showcase.debug.xcconfig"; sourceTree = "<group>"; };
/* End PBXFileReference section */

/* Begin PBXFrameworksBuildPhase section */
		43F1D3E31C9E4A5400DB0C80 /* Frameworks */ = {
			isa = PBXFrameworksBuildPhase;
			buildActionMask = 2147483647;
			files = (
				43F1D4191C9F61F900DB0C80 /* Bolts.framework in Frameworks */,
				43F1D41A1C9F61F900DB0C80 /* FBSDKCoreKit.framework in Frameworks */,
				43F1D41B1C9F61F900DB0C80 /* FBSDKLoginKit.framework in Frameworks */,
				4A6D2324829F9B3A132CE3CD /* Pods_showcase.framework in Frameworks */,
			);
			runOnlyForDeploymentPostprocessing = 0;
		};
/* End PBXFrameworksBuildPhase section */

/* Begin PBXGroup section */
		43606BB71CB08D6B00CA05D4 /* services */ = {
			isa = PBXGroup;
			children = (
				43606BB81CB08D8100CA05D4 /* DataService.swift */,
			);
			name = services;
			sourceTree = "<group>";
		};
		43F1D3DD1C9E4A5400DB0C80 = {
			isa = PBXGroup;
			children = (
				434EBE371D89019200FBE09B /* GoogleService-Info.plist */,
				43F1D3E81C9E4A5400DB0C80 /* showcase */,
				43F1D3E71C9E4A5400DB0C80 /* Products */,
				F9C9D1647063B9DE5267DA40 /* Pods */,
				B223671181901695EB014ADE /* Frameworks */,
			);
			sourceTree = "<group>";
		};
		43F1D3E71C9E4A5400DB0C80 /* Products */ = {
			isa = PBXGroup;
			children = (
				43F1D3E61C9E4A5400DB0C80 /* showcase.app */,
			);
			name = Products;
			sourceTree = "<group>";
		};
		43F1D3E81C9E4A5400DB0C80 /* showcase */ = {
			isa = PBXGroup;
			children = (
				43606BB71CB08D6B00CA05D4 /* services */,
				43F1D4151C9F61CA00DB0C80 /* frameworks */,
				43F1D40C1C9E73A100DB0C80 /* util */,
				43F1D4011C9E4CD700DB0C80 /* resources */,
				43F1D4001C9E4CD000DB0C80 /* model */,
				43F1D3FF1C9E4CCA00DB0C80 /* view */,
				43F1D3FE1C9E4CC300DB0C80 /* controller */,
				43F1D3E91C9E4A5400DB0C80 /* AppDelegate.swift */,
				43F1D3ED1C9E4A5400DB0C80 /* Main.storyboard */,
				43F1D3F31C9E4A5400DB0C80 /* Assets.xcassets */,
				43F1D3F51C9E4A5400DB0C80 /* LaunchScreen.storyboard */,
				43F1D3F81C9E4A5400DB0C80 /* Info.plist */,
				43F1D3F01C9E4A5400DB0C80 /* showcase.xcdatamodeld */,
			);
			path = showcase;
			sourceTree = "<group>";
		};
		43F1D3FE1C9E4CC300DB0C80 /* controller */ = {
			isa = PBXGroup;
			children = (
				43F1D3EB1C9E4A5400DB0C80 /* ViewController.swift */,
				43606BBA1CB5F82800CA05D4 /* FeedVC.swift */,
			);
			name = controller;
			sourceTree = "<group>";
		};
		43F1D3FF1C9E4CCA00DB0C80 /* view */ = {
			isa = PBXGroup;
			children = (
				43F1D40A1C9E735C00DB0C80 /* MaterialView.swift */,
				43F1D4111C9E76F500DB0C80 /* MaterialButton.swift */,
				43F1D4131C9E794100DB0C80 /* MaterialTextField.swift */,
				43E749891CB5F9690080DFB7 /* PostCell.swift */,
			);
			name = view;
			sourceTree = "<group>";
		};
		43F1D4001C9E4CD000DB0C80 /* model */ = {
			isa = PBXGroup;
			children = (
				43E7498B1CBB4D280080DFB7 /* Post.swift */,
			);
			name = model;
			sourceTree = "<group>";
		};
		43F1D4011C9E4CD700DB0C80 /* resources */ = {
			isa = PBXGroup;
			children = (
				43F1D4021C9E4CF000DB0C80 /* NotoSans-Bold.ttf */,
				43F1D4031C9E4CF000DB0C80 /* NotoSans-BoldItalic.ttf */,
				43F1D4041C9E4CF000DB0C80 /* NotoSans-Italic.ttf */,
				43F1D4051C9E4CF000DB0C80 /* NotoSans-Regular.ttf */,
			);
			name = resources;
			sourceTree = "<group>";
		};
		43F1D40C1C9E73A100DB0C80 /* util */ = {
			isa = PBXGroup;
			children = (
				43F1D40F1C9E73E700DB0C80 /* Constants.swift */,
			);
			name = util;
			sourceTree = "<group>";
		};
		43F1D4151C9F61CA00DB0C80 /* frameworks */ = {
			isa = PBXGroup;
			children = (
				43F1D4161C9F61F900DB0C80 /* Bolts.framework */,
				43F1D4171C9F61F900DB0C80 /* FBSDKCoreKit.framework */,
				43F1D4181C9F61F900DB0C80 /* FBSDKLoginKit.framework */,
			);
			name = frameworks;
			sourceTree = "<group>";
		};
		B223671181901695EB014ADE /* Frameworks */ = {
			isa = PBXGroup;
			children = (
				7106C78232352955A8234906 /* Pods_showcase.framework */,
			);
			name = Frameworks;
			sourceTree = "<group>";
		};
		F9C9D1647063B9DE5267DA40 /* Pods */ = {
			isa = PBXGroup;
			children = (
				EAB5D084D2652BD743CAA83B /* Pods-showcase.debug.xcconfig */,
				C3D13BE560D34AB5AC3245F3 /* Pods-showcase.release.xcconfig */,
			);
			name = Pods;
			sourceTree = "<group>";
		};
/* End PBXGroup section */

/* Begin PBXNativeTarget section */
		43F1D3E51C9E4A5400DB0C80 /* showcase */ = {
			isa = PBXNativeTarget;
			buildConfigurationList = 43F1D3FB1C9E4A5400DB0C80 /* Build configuration list for PBXNativeTarget "showcase" */;
			buildPhases = (
				B5DDFE9DD11BB9E224B4A444 /* Check Pods Manifest.lock */,
				43F1D3E21C9E4A5400DB0C80 /* Sources */,
				43F1D3E31C9E4A5400DB0C80 /* Frameworks */,
				43F1D3E41C9E4A5400DB0C80 /* Resources */,
				3BD481058576926B7363B262 /* Embed Pods Frameworks */,
				A78F98E34C6418DFA314439D /* Copy Pods Resources */,
			);
			buildRules = (
			);
			dependencies = (
			);
			name = showcase;
			productName = showcase;
			productReference = 43F1D3E61C9E4A5400DB0C80 /* showcase.app */;
			productType = "com.apple.product-type.application";
		};
/* End PBXNativeTarget section */

/* Begin PBXProject section */
		43F1D3DE1C9E4A5400DB0C80 /* Project object */ = {
			isa = PBXProject;
			attributes = {
				LastSwiftUpdateCheck = 0720;
				LastUpgradeCheck = 0720;
				ORGANIZATIONNAME = "Tauseef Latif";
				TargetAttributes = {
					43F1D3E51C9E4A5400DB0C80 = {
						CreatedOnToolsVersion = 7.2.1;
						DevelopmentTeam = GYLD5Y8V2T;
					};
				};
			};
			buildConfigurationList = 43F1D3E11C9E4A5400DB0C80 /* Build configuration list for PBXProject "showcase" */;
			compatibilityVersion = "Xcode 3.2";
			developmentRegion = English;
			hasScannedForEncodings = 0;
			knownRegions = (
				en,
				Base,
			);
			mainGroup = 43F1D3DD1C9E4A5400DB0C80;
			productRefGroup = 43F1D3E71C9E4A5400DB0C80 /* Products */;
			projectDirPath = "";
			projectRoot = "";
			targets = (
				43F1D3E51C9E4A5400DB0C80 /* showcase */,
			);
		};
/* End PBXProject section */

/* Begin PBXResourcesBuildPhase section */
		43F1D3E41C9E4A5400DB0C80 /* Resources */ = {
			isa = PBXResourcesBuildPhase;
			buildActionMask = 2147483647;
			files = (
				43F1D4061C9E4CF000DB0C80 /* NotoSans-Bold.ttf in Resources */,
				434EBE381D89019200FBE09B /* GoogleService-Info.plist in Resources */,
				43F1D3F71C9E4A5400DB0C80 /* LaunchScreen.storyboard in Resources */,
				43F1D4071C9E4CF000DB0C80 /* NotoSans-BoldItalic.ttf in Resources */,
				43F1D4081C9E4CF000DB0C80 /* NotoSans-Italic.ttf in Resources */,
				43F1D3F41C9E4A5400DB0C80 /* Assets.xcassets in Resources */,
				43F1D3EF1C9E4A5400DB0C80 /* Main.storyboard in Resources */,
				43F1D4091C9E4CF000DB0C80 /* NotoSans-Regular.ttf in Resources */,
			);
			runOnlyForDeploymentPostprocessing = 0;
		};
/* End PBXResourcesBuildPhase section */

/* Begin PBXShellScriptBuildPhase section */
		3BD481058576926B7363B262 /* Embed Pods Frameworks */ = {
			isa = PBXShellScriptBuildPhase;
			buildActionMask = 2147483647;
			files = (
			);
			inputPaths = (
			);
			name = "Embed Pods Frameworks";
			outputPaths = (
			);
			runOnlyForDeploymentPostprocessing = 0;
			shellPath = /bin/sh;
			shellScript = "\"${SRCROOT}/Pods/Target Support Files/Pods-showcase/Pods-showcase-frameworks.sh\"\n";
			showEnvVarsInLog = 0;
		};
		A78F98E34C6418DFA314439D /* Copy Pods Resources */ = {
			isa = PBXShellScriptBuildPhase;
			buildActionMask = 2147483647;
			files = (
			);
			inputPaths = (
			);
			name = "Copy Pods Resources";
			outputPaths = (
			);
			runOnlyForDeploymentPostprocessing = 0;
			shellPath = /bin/sh;
			shellScript = "\"${SRCROOT}/Pods/Target Support Files/Pods-showcase/Pods-showcase-resources.sh\"\n";
			showEnvVarsInLog = 0;
		};
		B5DDFE9DD11BB9E224B4A444 /* Check Pods Manifest.lock */ = {
			isa = PBXShellScriptBuildPhase;
			buildActionMask = 2147483647;
			files = (
			);
			inputPaths = (
			);
			name = "Check Pods Manifest.lock";
			outputPaths = (
			);
			runOnlyForDeploymentPostprocessing = 0;
			shellPath = /bin/sh;
			shellScript = "diff \"${PODS_ROOT}/../Podfile.lock\" \"${PODS_ROOT}/Manifest.lock\" > /dev/null\nif [[ $? != 0 ]] ; then\n    cat << EOM\nerror: The sandbox is not in sync with the Podfile.lock. Run 'pod install' or update your CocoaPods installation.\nEOM\n    exit 1\nfi\n";
			showEnvVarsInLog = 0;
		};
/* End PBXShellScriptBuildPhase section */

/* Begin PBXSourcesBuildPhase section */
		43F1D3E21C9E4A5400DB0C80 /* Sources */ = {
			isa = PBXSourcesBuildPhase;
			buildActionMask = 2147483647;
			files = (
				43606BBB1CB5F82800CA05D4 /* FeedVC.swift in Sources */,
				43E7498C1CBB4D280080DFB7 /* Post.swift in Sources */,
				43F1D4101C9E73E700DB0C80 /* Constants.swift in Sources */,
				43F1D3EC1C9E4A5400DB0C80 /* ViewController.swift in Sources */,
				43F1D4121C9E76F500DB0C80 /* MaterialButton.swift in Sources */,
				43F1D3F21C9E4A5400DB0C80 /* showcase.xcdatamodeld in Sources */,
				43F1D3EA1C9E4A5400DB0C80 /* AppDelegate.swift in Sources */,
				43F1D40B1C9E735C00DB0C80 /* MaterialView.swift in Sources */,
				43F1D4141C9E794100DB0C80 /* MaterialTextField.swift in Sources */,
				43606BB91CB08D8100CA05D4 /* DataService.swift in Sources */,
				43E7498A1CB5F9690080DFB7 /* PostCell.swift in Sources */,
			);
			runOnlyForDeploymentPostprocessing = 0;
		};
/* End PBXSourcesBuildPhase section */

/* Begin PBXVariantGroup section */
		43F1D3ED1C9E4A5400DB0C80 /* Main.storyboard */ = {
			isa = PBXVariantGroup;
			children = (
				43F1D3EE1C9E4A5400DB0C80 /* Base */,
			);
			name = Main.storyboard;
			sourceTree = "<group>";
		};
		43F1D3F51C9E4A5400DB0C80 /* LaunchScreen.storyboard */ = {
			isa = PBXVariantGroup;
			children = (
				43F1D3F61C9E4A5400DB0C80 /* Base */,
			);
			name = LaunchScreen.storyboard;
			sourceTree = "<group>";
		};
/* End PBXVariantGroup section */

/* Begin XCBuildConfiguration section */
		43F1D3F91C9E4A5400DB0C80 /* Debug */ = {
			isa = XCBuildConfiguration;
			buildSettings = {
				ALWAYS_SEARCH_USER_PATHS = NO;
				CLANG_CXX_LANGUAGE_STANDARD = "gnu++0x";
				CLANG_CXX_LIBRARY = "libc++";
				CLANG_ENABLE_MODULES = YES;
				CLANG_ENABLE_OBJC_ARC = YES;
				CLANG_WARN_BOOL_CONVERSION = YES;
				CLANG_WARN_CONSTANT_CONVERSION = YES;
				CLANG_WARN_DIRECT_OBJC_ISA_USAGE = YES_ERROR;
				CLANG_WARN_EMPTY_BODY = YES;
				CLANG_WARN_ENUM_CONVERSION = YES;
				CLANG_WARN_INT_CONVERSION = YES;
				CLANG_WARN_OBJC_ROOT_CLASS = YES_ERROR;
				CLANG_WARN_UNREACHABLE_CODE = YES;
				CLANG_WARN__DUPLICATE_METHOD_MATCH = YES;
				"CODE_SIGN_IDENTITY[sdk=iphoneos*]" = "iPhone Developer";
				COPY_PHASE_STRIP = NO;
				DEBUG_INFORMATION_FORMAT = dwarf;
				ENABLE_STRICT_OBJC_MSGSEND = YES;
				ENABLE_TESTABILITY = YES;
				GCC_C_LANGUAGE_STANDARD = gnu99;
				GCC_DYNAMIC_NO_PIC = NO;
				GCC_NO_COMMON_BLOCKS = YES;
				GCC_OPTIMIZATION_LEVEL = 0;
				GCC_PREPROCESSOR_DEFINITIONS = (
					"DEBUG=1",
					"$(inherited)",
				);
				GCC_WARN_64_TO_32_BIT_CONVERSION = YES;
				GCC_WARN_ABOUT_RETURN_TYPE = YES_ERROR;
				GCC_WARN_UNDECLARED_SELECTOR = YES;
				GCC_WARN_UNINITIALIZED_AUTOS = YES_AGGRESSIVE;
				GCC_WARN_UNUSED_FUNCTION = YES;
				GCC_WARN_UNUSED_VARIABLE = YES;
				IPHONEOS_DEPLOYMENT_TARGET = 9.2;
				MTL_ENABLE_DEBUG_INFO = YES;
				ONLY_ACTIVE_ARCH = YES;
				SDKROOT = iphoneos;
				SWIFT_OPTIMIZATION_LEVEL = "-Onone";
				TARGETED_DEVICE_FAMILY = "1,2";
			};
			name = Debug;
		};
		43F1D3FA1C9E4A5400DB0C80 /* Release */ = {
			isa = XCBuildConfiguration;
			buildSettings = {
				ALWAYS_SEARCH_USER_PATHS = NO;
				CLANG_CXX_LANGUAGE_STANDARD = "gnu++0x";
				CLANG_CXX_LIBRARY = "libc++";
				CLANG_ENABLE_MODULES = YES;
				CLANG_ENABLE_OBJC_ARC = YES;
				CLANG_WARN_BOOL_CONVERSION = YES;
				CLANG_WARN_CONSTANT_CONVERSION = YES;
				CLANG_WARN_DIRECT_OBJC_ISA_USAGE = YES_ERROR;
				CLANG_WARN_EMPTY_BODY = YES;
				CLANG_WARN_ENUM_CONVERSION = YES;
				CLANG_WARN_INT_CONVERSION = YES;
				CLANG_WARN_OBJC_ROOT_CLASS = YES_ERROR;
				CLANG_WARN_UNREACHABLE_CODE = YES;
				CLANG_WARN__DUPLICATE_METHOD_MATCH = YES;
				"CODE_SIGN_IDENTITY[sdk=iphoneos*]" = "iPhone Developer";
				COPY_PHASE_STRIP = NO;
				DEBUG_INFORMATION_FORMAT = "dwarf-with-dsym";
				ENABLE_NS_ASSERTIONS = NO;
				ENABLE_STRICT_OBJC_MSGSEND = YES;
				GCC_C_LANGUAGE_STANDARD = gnu99;
				GCC_NO_COMMON_BLOCKS = YES;
				GCC_WARN_64_TO_32_BIT_CONVERSION = YES;
				GCC_WARN_ABOUT_RETURN_TYPE = YES_ERROR;
				GCC_WARN_UNDECLARED_SELECTOR = YES;
				GCC_WARN_UNINITIALIZED_AUTOS = YES_AGGRESSIVE;
				GCC_WARN_UNUSED_FUNCTION = YES;
				GCC_WARN_UNUSED_VARIABLE = YES;
				IPHONEOS_DEPLOYMENT_TARGET = 9.2;
				MTL_ENABLE_DEBUG_INFO = NO;
				SDKROOT = iphoneos;
				TARGETED_DEVICE_FAMILY = "1,2";
				VALIDATE_PRODUCT = YES;
			};
			name = Release;
		};
		43F1D3FC1C9E4A5400DB0C80 /* Debug */ = {
			isa = XCBuildConfiguration;
			baseConfigurationReference = EAB5D084D2652BD743CAA83B /* Pods-showcase.debug.xcconfig */;
			buildSettings = {
				ASSETCATALOG_COMPILER_APPICON_NAME = AppIcon;
				ENABLE_BITCODE = NO;
				FRAMEWORK_SEARCH_PATHS = (
					"$(inherited)",
					"$(PROJECT_DIR)/showcase",
				);
				INFOPLIST_FILE = showcase/Info.plist;
				LD_RUNPATH_SEARCH_PATHS = "$(inherited) @executable_path/Frameworks";
				PRODUCT_BUNDLE_IDENTIFIER = com.tlatif.showcase;
				PRODUCT_NAME = "$(TARGET_NAME)";
			};
			name = Debug;
		};
		43F1D3FD1C9E4A5400DB0C80 /* Release */ = {
			isa = XCBuildConfiguration;
			baseConfigurationReference = C3D13BE560D34AB5AC3245F3 /* Pods-showcase.release.xcconfig */;
			buildSettings = {
				ASSETCATALOG_COMPILER_APPICON_NAME = AppIcon;
				ENABLE_BITCODE = NO;
				FRAMEWORK_SEARCH_PATHS = (
					"$(inherited)",
					"$(PROJECT_DIR)/showcase",
				);
				INFOPLIST_FILE = showcase/Info.plist;
				LD_RUNPATH_SEARCH_PATHS = "$(inherited) @executable_path/Frameworks";
				PRODUCT_BUNDLE_IDENTIFIER = com.tlatif.showcase;
				PRODUCT_NAME = "$(TARGET_NAME)";
			};
			name = Release;
		};
/* End XCBuildConfiguration section */

/* Begin XCConfigurationList section */
		43F1D3E11C9E4A5400DB0C80 /* Build configuration list for PBXProject "showcase" */ = {
			isa = XCConfigurationList;
			buildConfigurations = (
				43F1D3F91C9E4A5400DB0C80 /* Debug */,
				43F1D3FA1C9E4A5400DB0C80 /* Release */,
			);
			defaultConfigurationIsVisible = 0;
			defaultConfigurationName = Release;
		};
		43F1D3FB1C9E4A5400DB0C80 /* Build configuration list for PBXNativeTarget "showcase" */ = {
			isa = XCConfigurationList;
			buildConfigurations = (
				43F1D3FC1C9E4A5400DB0C80 /* Debug */,
				43F1D3FD1C9E4A5400DB0C80 /* Release */,
			);
			defaultConfigurationIsVisible = 0;
			defaultConfigurationName = Release;
		};
/* End XCConfigurationList section */

/* Begin XCVersionGroup section */
		43F1D3F01C9E4A5400DB0C80 /* showcase.xcdatamodeld */ = {
			isa = XCVersionGroup;
			children = (
				43F1D3F11C9E4A5400DB0C80 /* showcase.xcdatamodel */,
			);
			currentVersion = 43F1D3F11C9E4A5400DB0C80 /* showcase.xcdatamodel */;
			path = showcase.xcdatamodeld;
			sourceTree = "<group>";
			versionGroupType = wrapper.xcdatamodel;
		};
/* End XCVersionGroup section */
	};
	rootObject = 43F1D3DE1C9E4A5400DB0C80 /* Project object */;
}
